
Microsoft Visual Studio Solution File, Format Version 12.00
# Visual Studio Version 16
VisualStudioVersion = 16.0.31424.327
MinimumVisualStudioVersion = 10.0.40219.1
Project("{FAE04EC0-301F-11D3-BF4B-00C04F79EFBC}") = "Actualizarsi", "Actualizarsi\Actualizarsi.csproj", "{9D0B8247-AA9E-470E-B7FA-50DE0CECF731}"
EndProject
Global
	GlobalSection(SolutionConfigurationPlatforms) = preSolution
		Debug|Any CPU = Debug|Any CPU
		Release|Any CPU = Release|Any CPU
	EndGlobalSection
	GlobalSection(ProjectConfigurationPlatforms) = postSolution
		{9D0B8247-AA9E-470E-B7FA-50DE0CECF731}.Debug|Any CPU.ActiveCfg = Debug|Any CPU
		{9D0B8247-AA9E-470E-B7FA-50DE0CECF731}.Debug|Any CPU.Build.0 = Debug|Any CPU
		{9D0B8247-AA9E-470E-B7FA-50DE0CECF731}.Release|Any CPU.ActiveCfg = Release|Any CPU
		{9D0B8247-AA9E-470E-B7FA-50DE0CECF731}.Release|Any CPU.Build.0 = Release|Any CPU
	EndGlobalSection
	GlobalSection(SolutionProperties) = preSolution
		HideSolutionNode = FALSE
	EndGlobalSection
	GlobalSection(ExtensibilityGlobals) = postSolution
		SolutionGuid = {46413E79-E3F0-4966-86E2-2885E098EA7B}
	EndGlobalSection
EndGlobal
